// !$*UTF8*$!
{
	archiveVersion = 1;
	classes = {
	};
	objectVersion = 46;
	objects = {

/* Begin PBXBuildFile section */
		3201088596B4756681693705 /* libThree20UICommon.a in Frameworks */ = {isa = PBXBuildFile; fileRef = 3201088596B4756681693704 /* libThree20UICommon.a */; };
		320A2827FEC940B25BC42C65 /* libThree20Core.a in Frameworks */ = {isa = PBXBuildFile; fileRef = 320A2827FEC940B25BC42C64 /* libThree20Core.a */; };
		320A5A189C235877202780D5 /* libThree20Network.a in Frameworks */ = {isa = PBXBuildFile; fileRef = 320A5A189C235877202780D4 /* libThree20Network.a */; };
		320A737074758E53BA54BE95 /* libThree20UINavigator.a in Frameworks */ = {isa = PBXBuildFile; fileRef = 320A737074758E53BA54BE94 /* libThree20UINavigator.a */; };
		320AF8492C47A4D819F7C451 /* QuartzCore.framework in Frameworks */ = {isa = PBXBuildFile; fileRef = 320AF8492C47A4D819F7C450 /* QuartzCore.framework */; };
		320B6C86F11D9990244A9731 /* Three20.bundle in Resources */ = {isa = PBXBuildFile; fileRef = 320B6C86F11D9990244A9730 /* Three20.bundle */; };
		320CC833B8AF0ACFD35E6225 /* libThree20Style.a in Frameworks */ = {isa = PBXBuildFile; fileRef = 320CC833B8AF0ACFD35E6224 /* libThree20Style.a */; };
		320D7DCCE32703ACAB9A45E5 /* libThree20.a in Frameworks */ = {isa = PBXBuildFile; fileRef = 320D7DCCE32703ACAB9A45E4 /* libThree20.a */; };
		320F2C48872C2E2C4DF86205 /* libThree20UI.a in Frameworks */ = {isa = PBXBuildFile; fileRef = 320F2C48872C2E2C4DF86204 /* libThree20UI.a */; };
		C3150CEE140DBA8500AB0A98 /* DSPCircuitAnalyzer.m in Sources */ = {isa = PBXBuildFile; fileRef = C3150CED140DBA8400AB0A98 /* DSPCircuitAnalyzer.m */; };
		C3150CF1140EE85A00AB0A98 /* DSPIntegratorViewController.m in Sources */ = {isa = PBXBuildFile; fileRef = C3150CF0140EE85A00AB0A98 /* DSPIntegratorViewController.m */; };
		C3150CF4140EF27900AB0A98 /* DSPSignalSourceViewController.m in Sources */ = {isa = PBXBuildFile; fileRef = C3150CF3140EF27900AB0A98 /* DSPSignalSourceViewController.m */; };
		C3150CF7140EF35300AB0A98 /* DSPWireViewController.m in Sources */ = {isa = PBXBuildFile; fileRef = C3150CF6140EF35300AB0A98 /* DSPWireViewController.m */; };
		C3150CFA140EFD8500AB0A98 /* DSPSignalSourceModel.m in Sources */ = {isa = PBXBuildFile; fileRef = C3150CF9140EFD8400AB0A98 /* DSPSignalSourceModel.m */; };
		C3150CFD140EFDC700AB0A98 /* DSPWireModel.m in Sources */ = {isa = PBXBuildFile; fileRef = C3150CFC140EFDC600AB0A98 /* DSPWireModel.m */; };
		C321450213F4A7F200DE738E /* DSPComponentView.m in Sources */ = {isa = PBXBuildFile; fileRef = C321450113F4A7F200DE738E /* DSPComponentView.m */; };
		C321450613F4ACB200DE738E /* DSPComponentViewController.m in Sources */ = {isa = PBXBuildFile; fileRef = C321450513F4ACB200DE738E /* DSPComponentViewController.m */; };
		C321450913F4ACF400DE738E /* DSPComponentModel.m in Sources */ = {isa = PBXBuildFile; fileRef = C321450813F4ACF400DE738E /* DSPComponentModel.m */; };
		C321450C13F4AE0400DE738E /* DSPIntegratorModel.m in Sources */ = {isa = PBXBuildFile; fileRef = C321450B13F4AE0300DE738E /* DSPIntegratorModel.m */; };
		C321451313F4AEC700DE738E /* DSPIntegratorView.m in Sources */ = {isa = PBXBuildFile; fileRef = C321451213F4AEC700DE738E /* DSPIntegratorView.m */; };
		C321451613F4B0F800DE738E /* NSObject+Additions.m in Sources */ = {isa = PBXBuildFile; fileRef = C321451513F4B0F600DE738E /* NSObject+Additions.m */; };
		C321451B13F5BF1300DE738E /* DSPGlobalSettings.m in Sources */ = {isa = PBXBuildFile; fileRef = C321451A13F5BF1200DE738E /* DSPGlobalSettings.m */; };
		C3257D12140C4E350055BFD5 /* DSPNode.m in Sources */ = {isa = PBXBuildFile; fileRef = C3257D11140C4E350055BFD5 /* DSPNode.m */; };
		C3257D15140C58DC0055BFD5 /* DSPPin.m in Sources */ = {isa = PBXBuildFile; fileRef = C3257D14140C58DC0055BFD5 /* DSPPin.m */; };
		C3257D8E140C7CB30055BFD5 /* DSPCircuitFileIO.m in Sources */ = {isa = PBXBuildFile; fileRef = C3257D8D140C7CB30055BFD5 /* DSPCircuitFileIO.m */; };
		C3257D92140C83C70055BFD5 /* FirstCircuit.cir in Resources */ = {isa = PBXBuildFile; fileRef = C3257D91140C83C70055BFD5 /* FirstCircuit.cir */; };
		C329B39813FF30A8003572E6 /* DSPWireView.m in Sources */ = {isa = PBXBuildFile; fileRef = C329B39713FF30A7003572E6 /* DSPWireView.m */; };
		C329B39C14031A8B003572E6 /* DSPSignalSourceView.m in Sources */ = {isa = PBXBuildFile; fileRef = C329B39B14031A81003572E6 /* DSPSignalSourceView.m */; };
		C33DA01D13F9E18800FF0414 /* DSPLauncherViewController.m in Sources */ = {isa = PBXBuildFile; fileRef = C33DA01C13F9E18800FF0414 /* DSPLauncherViewController.m */; };
		C33DA02413F9E78700FF0414 /* schematic.png in Resources */ = {isa = PBXBuildFile; fileRef = C33DA02313F9E78700FF0414 /* schematic.png */; };
		C33DA09D13FAEC1500FF0414 /* DSPSystemViewController.m in Sources */ = {isa = PBXBuildFile; fileRef = C33DA09C13FAEC1400FF0414 /* DSPSystemViewController.m */; };
		C33DA0A513FB2A3500FF0414 /* chart_line_24.png in Resources */ = {isa = PBXBuildFile; fileRef = C33DA0A213FB2A3500FF0414 /* chart_line_24.png */; };
		C33DA0A613FB2A3500FF0414 /* delete_24.png in Resources */ = {isa = PBXBuildFile; fileRef = C33DA0A313FB2A3500FF0414 /* delete_24.png */; };
		C33DA0A713FB2A3500FF0414 /* folder_64.png in Resources */ = {isa = PBXBuildFile; fileRef = C33DA0A413FB2A3500FF0414 /* folder_64.png */; };
		C33DA0B013FB2A6300FF0414 /* gear_24.png in Resources */ = {isa = PBXBuildFile; fileRef = C33DA0A813FB2A6200FF0414 /* gear_24.png */; };
		C33DA0B113FB2A6300FF0414 /* home_24.png in Resources */ = {isa = PBXBuildFile; fileRef = C33DA0A913FB2A6200FF0414 /* home_24.png */; };
		C33DA0B213FB2A6300FF0414 /* pencil_24.png in Resources */ = {isa = PBXBuildFile; fileRef = C33DA0AA13FB2A6200FF0414 /* pencil_24.png */; };
		C33DA0B313FB2A6300FF0414 /* plus_24.png in Resources */ = {isa = PBXBuildFile; fileRef = C33DA0AB13FB2A6200FF0414 /* plus_24.png */; };
		C33DA0B413FB2A6300FF0414 /* save_24.png in Resources */ = {isa = PBXBuildFile; fileRef = C33DA0AC13FB2A6200FF0414 /* save_24.png */; };
		C33DA0B513FB2A6300FF0414 /* stop_24.png in Resources */ = {isa = PBXBuildFile; fileRef = C33DA0AD13FB2A6300FF0414 /* stop_24.png */; };
		C33DA0B613FB2A6300FF0414 /* storage_24.png in Resources */ = {isa = PBXBuildFile; fileRef = C33DA0AE13FB2A6300FF0414 /* storage_24.png */; };
		C33DA0B713FB2A6300FF0414 /* trash_24.png in Resources */ = {isa = PBXBuildFile; fileRef = C33DA0AF13FB2A6300FF0414 /* trash_24.png */; };
		C33DA0BB13FB363E00FF0414 /* TestView.xib in Resources */ = {isa = PBXBuildFile; fileRef = C33DA0BA13FB363D00FF0414 /* TestView.xib */; };
		C33DA0BD13FB3D9800FF0414 /* arrow_left_24.png in Resources */ = {isa = PBXBuildFile; fileRef = C33DA0BC13FB3D9800FF0414 /* arrow_left_24.png */; };
		C35817A013FC4EC800948309 /* DSPComponentListView.m in Sources */ = {isa = PBXBuildFile; fileRef = C358179F13FC4EBD00948309 /* DSPComponentListView.m */; };
		C35817A313FCD45500948309 /* DSPSummationView.m in Sources */ = {isa = PBXBuildFile; fileRef = C35817A213FCD45000948309 /* DSPSummationView.m */; };
		C35817A713FCECC500948309 /* DSPHelper.m in Sources */ = {isa = PBXBuildFile; fileRef = C35817A613FCECBA00948309 /* DSPHelper.m */; };
		C3A7E38A13F352A60002491F /* UIKit.framework in Frameworks */ = {isa = PBXBuildFile; fileRef = C3A7E38913F352A60002491F /* UIKit.framework */; };
		C3A7E38C13F352A60002491F /* Foundation.framework in Frameworks */ = {isa = PBXBuildFile; fileRef = C3A7E38B13F352A60002491F /* Foundation.framework */; };
		C3A7E38E13F352A60002491F /* CoreGraphics.framework in Frameworks */ = {isa = PBXBuildFile; fileRef = C3A7E38D13F352A60002491F /* CoreGraphics.framework */; };
		C3A7E39413F352A60002491F /* InfoPlist.strings in Resources */ = {isa = PBXBuildFile; fileRef = C3A7E39213F352A60002491F /* InfoPlist.strings */; };
		C3A7E39713F352A60002491F /* main.m in Sources */ = {isa = PBXBuildFile; fileRef = C3A7E39613F352A60002491F /* main.m */; };
		C3A7E39A13F352A60002491F /* DSPToolsAppDelegate.m in Sources */ = {isa = PBXBuildFile; fileRef = C3A7E39913F352A60002491F /* DSPToolsAppDelegate.m */; };
		C3A7E39E13F352A60002491F /* DSPToolsAppDelegate_iPhone.m in Sources */ = {isa = PBXBuildFile; fileRef = C3A7E39D13F352A60002491F /* DSPToolsAppDelegate_iPhone.m */; };
		C3A7E3A113F352A60002491F /* MainWindow_iPhone.xib in Resources */ = {isa = PBXBuildFile; fileRef = C3A7E39F13F352A60002491F /* MainWindow_iPhone.xib */; };
		C3A7E3A513F352A60002491F /* DSPToolsAppDelegate_iPad.m in Sources */ = {isa = PBXBuildFile; fileRef = C3A7E3A413F352A60002491F /* DSPToolsAppDelegate_iPad.m */; };
		C3A7E3A813F352A60002491F /* MainWindow_iPad.xib in Resources */ = {isa = PBXBuildFile; fileRef = C3A7E3A613F352A60002491F /* MainWindow_iPad.xib */; };
		C3A7E4B213F482D00002491F /* DSPGridView.m in Sources */ = {isa = PBXBuildFile; fileRef = C3A7E4B113F482D00002491F /* DSPGridView.m */; };
/* End PBXBuildFile section */

/* Begin PBXContainerItemProxy section */
		3201088596B4756681693702 /* PBXContainerItemProxy */ = {
			isa = PBXContainerItemProxy;
			containerPortal = 3201088596B4756681693700 /* Three20UICommon.xcodeproj */;
			proxyType = 1;
			remoteGlobalIDString = BEF31F390F352DF5000DE5D2;
			remoteInfo = Three20UICommon;
		};
		3201088596B4756681693706 /* PBXContainerItemProxy */ = {
			isa = PBXContainerItemProxy;
			containerPortal = 3201088596B4756681693700 /* Three20UICommon.xcodeproj */;
			proxyType = 2;
			remoteGlobalIDString = BEF31F3A0F352DF5000DE5D2;
			remoteInfo = Three20UICommon;
		};
		320A2827FEC940B25BC42C62 /* PBXContainerItemProxy */ = {
			isa = PBXContainerItemProxy;
			containerPortal = 320A2827FEC940B25BC42C60 /* Three20Core.xcodeproj */;
			proxyType = 1;
			remoteGlobalIDString = BEF31F390F352DF5000DE5D2;
			remoteInfo = Three20Core;
		};
		320A2827FEC940B25BC42C66 /* PBXContainerItemProxy */ = {
			isa = PBXContainerItemProxy;
			containerPortal = 320A2827FEC940B25BC42C60 /* Three20Core.xcodeproj */;
			proxyType = 2;
			remoteGlobalIDString = BEF31F3A0F352DF5000DE5D2;
			remoteInfo = Three20Core;
		};
		320A5A189C235877202780D2 /* PBXContainerItemProxy */ = {
			isa = PBXContainerItemProxy;
			containerPortal = 320A5A189C235877202780D0 /* Three20Network.xcodeproj */;
			proxyType = 1;
			remoteGlobalIDString = BEF31F390F352DF5000DE5D2;
			remoteInfo = Three20Network;
		};
		320A5A189C235877202780D6 /* PBXContainerItemProxy */ = {
			isa = PBXContainerItemProxy;
			containerPortal = 320A5A189C235877202780D0 /* Three20Network.xcodeproj */;
			proxyType = 2;
			remoteGlobalIDString = BEF31F3A0F352DF5000DE5D2;
			remoteInfo = Three20Network;
		};
		320A737074758E53BA54BE92 /* PBXContainerItemProxy */ = {
			isa = PBXContainerItemProxy;
			containerPortal = 320A737074758E53BA54BE90 /* Three20UINavigator.xcodeproj */;
			proxyType = 1;
			remoteGlobalIDString = BEF31F390F352DF5000DE5D2;
			remoteInfo = Three20UINavigator;
		};
		320A737074758E53BA54BE96 /* PBXContainerItemProxy */ = {
			isa = PBXContainerItemProxy;
			containerPortal = 320A737074758E53BA54BE90 /* Three20UINavigator.xcodeproj */;
			proxyType = 2;
			remoteGlobalIDString = BEF31F3A0F352DF5000DE5D2;
			remoteInfo = Three20UINavigator;
		};
		320CC833B8AF0ACFD35E6222 /* PBXContainerItemProxy */ = {
			isa = PBXContainerItemProxy;
			containerPortal = 320CC833B8AF0ACFD35E6220 /* Three20Style.xcodeproj */;
			proxyType = 1;
			remoteGlobalIDString = BEF31F390F352DF5000DE5D2;
			remoteInfo = Three20Style;
		};
		320CC833B8AF0ACFD35E6226 /* PBXContainerItemProxy */ = {
			isa = PBXContainerItemProxy;
			containerPortal = 320CC833B8AF0ACFD35E6220 /* Three20Style.xcodeproj */;
			proxyType = 2;
			remoteGlobalIDString = BEF31F3A0F352DF5000DE5D2;
			remoteInfo = Three20Style;
		};
		320D7DCCE32703ACAB9A45E2 /* PBXContainerItemProxy */ = {
			isa = PBXContainerItemProxy;
			containerPortal = 320D7DCCE32703ACAB9A45E0 /* Three20.xcodeproj */;
			proxyType = 1;
			remoteGlobalIDString = BEF31F390F352DF5000DE5D2;
			remoteInfo = Three20;
		};
		320D7DCCE32703ACAB9A45E6 /* PBXContainerItemProxy */ = {
			isa = PBXContainerItemProxy;
			containerPortal = 320D7DCCE32703ACAB9A45E0 /* Three20.xcodeproj */;
			proxyType = 2;
			remoteGlobalIDString = BEF31F3A0F352DF5000DE5D2;
			remoteInfo = Three20;
		};
		320F2C48872C2E2C4DF86202 /* PBXContainerItemProxy */ = {
			isa = PBXContainerItemProxy;
			containerPortal = 320F2C48872C2E2C4DF86200 /* Three20UI.xcodeproj */;
			proxyType = 1;
			remoteGlobalIDString = BEF31F390F352DF5000DE5D2;
			remoteInfo = Three20UI;
		};
		320F2C48872C2E2C4DF86206 /* PBXContainerItemProxy */ = {
			isa = PBXContainerItemProxy;
			containerPortal = 320F2C48872C2E2C4DF86200 /* Three20UI.xcodeproj */;
			proxyType = 2;
			remoteGlobalIDString = BEF31F3A0F352DF5000DE5D2;
			remoteInfo = Three20UI;
		};
		C3A7E3E313F454B00002491F /* PBXContainerItemProxy */ = {
			isa = PBXContainerItemProxy;
			containerPortal = 320D7DCCE32703ACAB9A45E0 /* Three20.xcodeproj */;
			proxyType = 2;
			remoteGlobalIDString = EB9E6C6210B6A8F800DE563C;
			remoteInfo = Three20UnitTests;
		};
		C3A7E3E613F454B00002491F /* PBXContainerItemProxy */ = {
			isa = PBXContainerItemProxy;
			containerPortal = 320A2827FEC940B25BC42C60 /* Three20Core.xcodeproj */;
			proxyType = 2;
			remoteGlobalIDString = EB9E6C6210B6A8F800DE563C;
			remoteInfo = Three20CoreUnitTests;
		};
		C3A7E3EB13F454B00002491F /* PBXContainerItemProxy */ = {
			isa = PBXContainerItemProxy;
			containerPortal = 320A5A189C235877202780D0 /* Three20Network.xcodeproj */;
			proxyType = 2;
			remoteGlobalIDString = 662D81EF12630516005851C2;
			remoteInfo = "Three20Network-Xcode3.2.5";
		};
		C3A7E3ED13F454B00002491F /* PBXContainerItemProxy */ = {
			isa = PBXContainerItemProxy;
			containerPortal = 320A5A189C235877202780D0 /* Three20Network.xcodeproj */;
			proxyType = 2;
			remoteGlobalIDString = EB9E6C6210B6A8F800DE563C;
			remoteInfo = Three20NetworkUnitTests;
		};
		C3A7E3EF13F454B00002491F /* PBXContainerItemProxy */ = {
			isa = PBXContainerItemProxy;
			containerPortal = 320A5A189C235877202780D0 /* Three20Network.xcodeproj */;
			proxyType = 2;
			remoteGlobalIDString = 662D81B2126304EB005851C2;
			remoteInfo = "Three20NetworkUnitTests-Xcode3.2.5";
		};
		C3A7E3F213F454B00002491F /* PBXContainerItemProxy */ = {
			isa = PBXContainerItemProxy;
			containerPortal = 320CC833B8AF0ACFD35E6220 /* Three20Style.xcodeproj */;
			proxyType = 2;
			remoteGlobalIDString = EB9E6C6210B6A8F800DE563C;
			remoteInfo = Three20StyleUnitTests;
		};
		C3A7E3F513F454B00002491F /* PBXContainerItemProxy */ = {
			isa = PBXContainerItemProxy;
			containerPortal = 320F2C48872C2E2C4DF86200 /* Three20UI.xcodeproj */;
			proxyType = 2;
			remoteGlobalIDString = EB9E6C6210B6A8F800DE563C;
			remoteInfo = Three20UIUnitTests;
		};
		C3A7E3F813F454B00002491F /* PBXContainerItemProxy */ = {
			isa = PBXContainerItemProxy;
			containerPortal = 3201088596B4756681693700 /* Three20UICommon.xcodeproj */;
			proxyType = 2;
			remoteGlobalIDString = EB9E6C6210B6A8F800DE563C;
			remoteInfo = Three20UICommonUnitTests;
		};
		C3A7E3FB13F454B00002491F /* PBXContainerItemProxy */ = {
			isa = PBXContainerItemProxy;
			containerPortal = 320A737074758E53BA54BE90 /* Three20UINavigator.xcodeproj */;
			proxyType = 2;
			remoteGlobalIDString = EB9E6C6210B6A8F800DE563C;
			remoteInfo = Three20UINavigatorUnitTests;
		};
/* End PBXContainerItemProxy section */

/* Begin PBXFileReference section */
		3201088596B4756681693700 /* Three20UICommon.xcodeproj */ = {isa = PBXFileReference; lastKnownFileType = "wrapper.pb-project"; name = Three20UICommon.xcodeproj; path = ../shared/three20/src/Three20UICommon/Three20UICommon.xcodeproj; sourceTree = SOURCE_ROOT; };
		320A2827FEC940B25BC42C60 /* Three20Core.xcodeproj */ = {isa = PBXFileReference; lastKnownFileType = "wrapper.pb-project"; name = Three20Core.xcodeproj; path = ../shared/three20/src/Three20Core/Three20Core.xcodeproj; sourceTree = SOURCE_ROOT; };
		320A5A189C235877202780D0 /* Three20Network.xcodeproj */ = {isa = PBXFileReference; lastKnownFileType = "wrapper.pb-project"; name = Three20Network.xcodeproj; path = ../shared/three20/src/Three20Network/Three20Network.xcodeproj; sourceTree = SOURCE_ROOT; };
		320A737074758E53BA54BE90 /* Three20UINavigator.xcodeproj */ = {isa = PBXFileReference; lastKnownFileType = "wrapper.pb-project"; name = Three20UINavigator.xcodeproj; path = ../shared/three20/src/Three20UINavigator/Three20UINavigator.xcodeproj; sourceTree = SOURCE_ROOT; };
		320AF8492C47A4D819F7C450 /* QuartzCore.framework */ = {isa = PBXFileReference; lastKnownFileType = wrapper.framework; name = QuartzCore.framework; path = System/Library/Frameworks/QuartzCore.framework; sourceTree = SDKROOT; };
		320B6C86F11D9990244A9730 /* Three20.bundle */ = {isa = PBXFileReference; lastKnownFileType = "wrapper.plug-in"; name = Three20.bundle; path = ../shared/three20/src/Three20.bundle; sourceTree = SOURCE_ROOT; };
		320CC833B8AF0ACFD35E6220 /* Three20Style.xcodeproj */ = {isa = PBXFileReference; lastKnownFileType = "wrapper.pb-project"; name = Three20Style.xcodeproj; path = ../shared/three20/src/Three20Style/Three20Style.xcodeproj; sourceTree = SOURCE_ROOT; };
		320D7DCCE32703ACAB9A45E0 /* Three20.xcodeproj */ = {isa = PBXFileReference; lastKnownFileType = "wrapper.pb-project"; name = Three20.xcodeproj; path = ../shared/three20/src/Three20/Three20.xcodeproj; sourceTree = SOURCE_ROOT; };
		320F2C48872C2E2C4DF86200 /* Three20UI.xcodeproj */ = {isa = PBXFileReference; lastKnownFileType = "wrapper.pb-project"; name = Three20UI.xcodeproj; path = ../shared/three20/src/Three20UI/Three20UI.xcodeproj; sourceTree = SOURCE_ROOT; };
		C3150CEC140DBA8400AB0A98 /* DSPCircuitAnalyzer.h */ = {isa = PBXFileReference; fileEncoding = 4; lastKnownFileType = sourcecode.c.h; path = DSPCircuitAnalyzer.h; sourceTree = "<group>"; };
		C3150CED140DBA8400AB0A98 /* DSPCircuitAnalyzer.m */ = {isa = PBXFileReference; fileEncoding = 4; lastKnownFileType = sourcecode.c.objc; path = DSPCircuitAnalyzer.m; sourceTree = "<group>"; };
		C3150CEF140EE85A00AB0A98 /* DSPIntegratorViewController.h */ = {isa = PBXFileReference; fileEncoding = 4; lastKnownFileType = sourcecode.c.h; path = DSPIntegratorViewController.h; sourceTree = "<group>"; };
		C3150CF0140EE85A00AB0A98 /* DSPIntegratorViewController.m */ = {isa = PBXFileReference; fileEncoding = 4; lastKnownFileType = sourcecode.c.objc; path = DSPIntegratorViewController.m; sourceTree = "<group>"; };
		C3150CF2140EF27900AB0A98 /* DSPSignalSourceViewController.h */ = {isa = PBXFileReference; fileEncoding = 4; lastKnownFileType = sourcecode.c.h; path = DSPSignalSourceViewController.h; sourceTree = "<group>"; };
		C3150CF3140EF27900AB0A98 /* DSPSignalSourceViewController.m */ = {isa = PBXFileReference; fileEncoding = 4; lastKnownFileType = sourcecode.c.objc; path = DSPSignalSourceViewController.m; sourceTree = "<group>"; };
		C3150CF5140EF35300AB0A98 /* DSPWireViewController.h */ = {isa = PBXFileReference; fileEncoding = 4; lastKnownFileType = sourcecode.c.h; path = DSPWireViewController.h; sourceTree = "<group>"; };
		C3150CF6140EF35300AB0A98 /* DSPWireViewController.m */ = {isa = PBXFileReference; fileEncoding = 4; lastKnownFileType = sourcecode.c.objc; path = DSPWireViewController.m; sourceTree = "<group>"; };
		C3150CF8140EFD8300AB0A98 /* DSPSignalSourceModel.h */ = {isa = PBXFileReference; fileEncoding = 4; path = DSPSignalSourceModel.h; sourceTree = "<group>"; };
		C3150CF9140EFD8400AB0A98 /* DSPSignalSourceModel.m */ = {isa = PBXFileReference; fileEncoding = 4; lastKnownFileType = sourcecode.c.objc; path = DSPSignalSourceModel.m; sourceTree = "<group>"; };
		C3150CFB140EFDC500AB0A98 /* DSPWireModel.h */ = {isa = PBXFileReference; fileEncoding = 4; path = DSPWireModel.h; sourceTree = "<group>"; };
		C3150CFC140EFDC600AB0A98 /* DSPWireModel.m */ = {isa = PBXFileReference; fileEncoding = 4; lastKnownFileType = sourcecode.c.objc; path = DSPWireModel.m; sourceTree = "<group>"; };
		C321450013F4A7F200DE738E /* DSPComponentView.h */ = {isa = PBXFileReference; fileEncoding = 4; lastKnownFileType = sourcecode.c.h; path = DSPComponentView.h; sourceTree = "<group>"; };
		C321450113F4A7F200DE738E /* DSPComponentView.m */ = {isa = PBXFileReference; fileEncoding = 4; lastKnownFileType = sourcecode.c.objc; path = DSPComponentView.m; sourceTree = "<group>"; };
		C321450413F4ACB200DE738E /* DSPComponentViewController.h */ = {isa = PBXFileReference; fileEncoding = 4; lastKnownFileType = sourcecode.c.h; path = DSPComponentViewController.h; sourceTree = "<group>"; };
		C321450513F4ACB200DE738E /* DSPComponentViewController.m */ = {isa = PBXFileReference; fileEncoding = 4; lastKnownFileType = sourcecode.c.objc; path = DSPComponentViewController.m; sourceTree = "<group>"; };
		C321450713F4ACF400DE738E /* DSPComponentModel.h */ = {isa = PBXFileReference; fileEncoding = 4; path = DSPComponentModel.h; sourceTree = "<group>"; };
		C321450813F4ACF400DE738E /* DSPComponentModel.m */ = {isa = PBXFileReference; fileEncoding = 4; lastKnownFileType = sourcecode.c.objc; path = DSPComponentModel.m; sourceTree = "<group>"; };
		C321450A13F4AE0300DE738E /* DSPIntegratorModel.h */ = {isa = PBXFileReference; fileEncoding = 4; path = DSPIntegratorModel.h; sourceTree = "<group>"; };
		C321450B13F4AE0300DE738E /* DSPIntegratorModel.m */ = {isa = PBXFileReference; fileEncoding = 4; lastKnownFileType = sourcecode.c.objc; path = DSPIntegratorModel.m; sourceTree = "<group>"; };
		C321451113F4AEC700DE738E /* DSPIntegratorView.h */ = {isa = PBXFileReference; fileEncoding = 4; lastKnownFileType = sourcecode.c.h; path = DSPIntegratorView.h; sourceTree = "<group>"; };
		C321451213F4AEC700DE738E /* DSPIntegratorView.m */ = {isa = PBXFileReference; fileEncoding = 4; lastKnownFileType = sourcecode.c.objc; path = DSPIntegratorView.m; sourceTree = "<group>"; };
		C321451413F4B0F600DE738E /* NSObject+Additions.h */ = {isa = PBXFileReference; fileEncoding = 4; lastKnownFileType = sourcecode.c.h; path = "NSObject+Additions.h"; sourceTree = "<group>"; };
		C321451513F4B0F600DE738E /* NSObject+Additions.m */ = {isa = PBXFileReference; fileEncoding = 4; lastKnownFileType = sourcecode.c.objc; path = "NSObject+Additions.m"; sourceTree = "<group>"; };
		C321451813F4B8F500DE738E /* DSPHeader.h */ = {isa = PBXFileReference; fileEncoding = 4; lastKnownFileType = sourcecode.c.h; path = DSPHeader.h; sourceTree = "<group>"; };
		C321451913F5BF1200DE738E /* DSPGlobalSettings.h */ = {isa = PBXFileReference; fileEncoding = 4; lastKnownFileType = sourcecode.c.h; path = DSPGlobalSettings.h; sourceTree = "<group>"; };
		C321451A13F5BF1200DE738E /* DSPGlobalSettings.m */ = {isa = PBXFileReference; fileEncoding = 4; lastKnownFileType = sourcecode.c.objc; path = DSPGlobalSettings.m; sourceTree = "<group>"; };
		C3257D10140C4E350055BFD5 /* DSPNode.h */ = {isa = PBXFileReference; fileEncoding = 4; lastKnownFileType = sourcecode.c.h; path = DSPNode.h; sourceTree = "<group>"; };
		C3257D11140C4E350055BFD5 /* DSPNode.m */ = {isa = PBXFileReference; fileEncoding = 4; lastKnownFileType = sourcecode.c.objc; path = DSPNode.m; sourceTree = "<group>"; };
		C3257D13140C58DC0055BFD5 /* DSPPin.h */ = {isa = PBXFileReference; fileEncoding = 4; lastKnownFileType = sourcecode.c.h; path = DSPPin.h; sourceTree = "<group>"; };
		C3257D14140C58DC0055BFD5 /* DSPPin.m */ = {isa = PBXFileReference; fileEncoding = 4; lastKnownFileType = sourcecode.c.objc; path = DSPPin.m; sourceTree = "<group>"; };
		C3257D8C140C7CB30055BFD5 /* DSPCircuitFileIO.h */ = {isa = PBXFileReference; fileEncoding = 4; lastKnownFileType = sourcecode.c.h; path = DSPCircuitFileIO.h; sourceTree = "<group>"; };
		C3257D8D140C7CB30055BFD5 /* DSPCircuitFileIO.m */ = {isa = PBXFileReference; fileEncoding = 4; lastKnownFileType = sourcecode.c.objc; path = DSPCircuitFileIO.m; sourceTree = "<group>"; };
		C3257D91140C83C70055BFD5 /* FirstCircuit.cir */ = {isa = PBXFileReference; fileEncoding = 4; lastKnownFileType = text; name = FirstCircuit.cir; path = DSPTools.xcodeproj/FirstCircuit.cir; sourceTree = SOURCE_ROOT; };
		C329B39613FF30A7003572E6 /* DSPWireView.h */ = {isa = PBXFileReference; fileEncoding = 4; lastKnownFileType = sourcecode.c.h; path = DSPWireView.h; sourceTree = "<group>"; };
		C329B39713FF30A7003572E6 /* DSPWireView.m */ = {isa = PBXFileReference; fileEncoding = 4; lastKnownFileType = sourcecode.c.objc; path = DSPWireView.m; sourceTree = "<group>"; };
		C329B39A14031A7D003572E6 /* DSPSignalSourceView.h */ = {isa = PBXFileReference; fileEncoding = 4; lastKnownFileType = sourcecode.c.h; path = DSPSignalSourceView.h; sourceTree = "<group>"; };
		C329B39B14031A81003572E6 /* DSPSignalSourceView.m */ = {isa = PBXFileReference; fileEncoding = 4; lastKnownFileType = sourcecode.c.objc; path = DSPSignalSourceView.m; sourceTree = "<group>"; };
		C329B41414031FF3003572E6 /* DSPComponents.h */ = {isa = PBXFileReference; fileEncoding = 4; lastKnownFileType = sourcecode.c.h; path = DSPComponents.h; sourceTree = "<group>"; };
		C33DA01B13F9E18800FF0414 /* DSPLauncherViewController.h */ = {isa = PBXFileReference; fileEncoding = 4; lastKnownFileType = sourcecode.c.h; path = DSPLauncherViewController.h; sourceTree = "<group>"; };
		C33DA01C13F9E18800FF0414 /* DSPLauncherViewController.m */ = {isa = PBXFileReference; fileEncoding = 4; lastKnownFileType = sourcecode.c.objc; path = DSPLauncherViewController.m; sourceTree = "<group>"; };
		C33DA02313F9E78700FF0414 /* schematic.png */ = {isa = PBXFileReference; lastKnownFileType = image.png; name = schematic.png; path = images/schematic.png; sourceTree = "<group>"; };
		C33DA09B13FAEC1300FF0414 /* DSPSystemViewController.h */ = {isa = PBXFileReference; fileEncoding = 4; lastKnownFileType = sourcecode.c.h; path = DSPSystemViewController.h; sourceTree = "<group>"; };
		C33DA09C13FAEC1400FF0414 /* DSPSystemViewController.m */ = {isa = PBXFileReference; fileEncoding = 4; lastKnownFileType = sourcecode.c.objc; path = DSPSystemViewController.m; sourceTree = "<group>"; };
		C33DA0A213FB2A3500FF0414 /* chart_line_24.png */ = {isa = PBXFileReference; lastKnownFileType = image.png; name = chart_line_24.png; path = images/chart_line_24.png; sourceTree = "<group>"; };
		C33DA0A313FB2A3500FF0414 /* delete_24.png */ = {isa = PBXFileReference; lastKnownFileType = image.png; name = delete_24.png; path = images/delete_24.png; sourceTree = "<group>"; };
		C33DA0A413FB2A3500FF0414 /* folder_64.png */ = {isa = PBXFileReference; lastKnownFileType = image.png; name = folder_64.png; path = images/folder_64.png; sourceTree = "<group>"; };
		C33DA0A813FB2A6200FF0414 /* gear_24.png */ = {isa = PBXFileReference; lastKnownFileType = image.png; name = gear_24.png; path = images/gear_24.png; sourceTree = "<group>"; };
		C33DA0A913FB2A6200FF0414 /* home_24.png */ = {isa = PBXFileReference; lastKnownFileType = image.png; name = home_24.png; path = images/home_24.png; sourceTree = "<group>"; };
		C33DA0AA13FB2A6200FF0414 /* pencil_24.png */ = {isa = PBXFileReference; lastKnownFileType = image.png; name = pencil_24.png; path = images/pencil_24.png; sourceTree = "<group>"; };
		C33DA0AB13FB2A6200FF0414 /* plus_24.png */ = {isa = PBXFileReference; lastKnownFileType = image.png; name = plus_24.png; path = images/plus_24.png; sourceTree = "<group>"; };
		C33DA0AC13FB2A6200FF0414 /* save_24.png */ = {isa = PBXFileReference; lastKnownFileType = image.png; name = save_24.png; path = images/save_24.png; sourceTree = "<group>"; };
		C33DA0AD13FB2A6300FF0414 /* stop_24.png */ = {isa = PBXFileReference; lastKnownFileType = image.png; name = stop_24.png; path = images/stop_24.png; sourceTree = "<group>"; };
		C33DA0AE13FB2A6300FF0414 /* storage_24.png */ = {isa = PBXFileReference; lastKnownFileType = image.png; name = storage_24.png; path = images/storage_24.png; sourceTree = "<group>"; };
		C33DA0AF13FB2A6300FF0414 /* trash_24.png */ = {isa = PBXFileReference; lastKnownFileType = image.png; name = trash_24.png; path = images/trash_24.png; sourceTree = "<group>"; };
		C33DA0BA13FB363D00FF0414 /* TestView.xib */ = {isa = PBXFileReference; fileEncoding = 4; lastKnownFileType = file.xib; path = TestView.xib; sourceTree = "<group>"; };
		C33DA0BC13FB3D9800FF0414 /* arrow_left_24.png */ = {isa = PBXFileReference; lastKnownFileType = image.png; name = arrow_left_24.png; path = images/arrow_left_24.png; sourceTree = "<group>"; };
		C358179E13FC4EB800948309 /* DSPComponentListView.h */ = {isa = PBXFileReference; fileEncoding = 4; lastKnownFileType = sourcecode.c.h; path = DSPComponentListView.h; sourceTree = "<group>"; };
		C358179F13FC4EBD00948309 /* DSPComponentListView.m */ = {isa = PBXFileReference; fileEncoding = 4; lastKnownFileType = sourcecode.c.objc; path = DSPComponentListView.m; sourceTree = "<group>"; };
		C35817A113FCD44100948309 /* DSPSummationView.h */ = {isa = PBXFileReference; fileEncoding = 4; lastKnownFileType = sourcecode.c.h; path = DSPSummationView.h; sourceTree = "<group>"; };
		C35817A213FCD45000948309 /* DSPSummationView.m */ = {isa = PBXFileReference; fileEncoding = 4; lastKnownFileType = sourcecode.c.objc; path = DSPSummationView.m; sourceTree = "<group>"; };
		C35817A513FCECAD00948309 /* DSPHelper.h */ = {isa = PBXFileReference; fileEncoding = 4; lastKnownFileType = sourcecode.c.h; path = DSPHelper.h; sourceTree = "<group>"; };
		C35817A613FCECBA00948309 /* DSPHelper.m */ = {isa = PBXFileReference; fileEncoding = 4; lastKnownFileType = sourcecode.c.objc; path = DSPHelper.m; sourceTree = "<group>"; };
		C3A7E38513F352A60002491F /* DSPTools.app */ = {isa = PBXFileReference; explicitFileType = wrapper.application; includeInIndex = 0; path = DSPTools.app; sourceTree = BUILT_PRODUCTS_DIR; };
		C3A7E38913F352A60002491F /* UIKit.framework */ = {isa = PBXFileReference; lastKnownFileType = wrapper.framework; name = UIKit.framework; path = System/Library/Frameworks/UIKit.framework; sourceTree = SDKROOT; };
		C3A7E38B13F352A60002491F /* Foundation.framework */ = {isa = PBXFileReference; lastKnownFileType = wrapper.framework; name = Foundation.framework; path = System/Library/Frameworks/Foundation.framework; sourceTree = SDKROOT; };
		C3A7E38D13F352A60002491F /* CoreGraphics.framework */ = {isa = PBXFileReference; lastKnownFileType = wrapper.framework; name = CoreGraphics.framework; path = System/Library/Frameworks/CoreGraphics.framework; sourceTree = SDKROOT; };
		C3A7E39113F352A60002491F /* DSPTools-Info.plist */ = {isa = PBXFileReference; lastKnownFileType = text.plist.xml; path = "DSPTools-Info.plist"; sourceTree = "<group>"; };
		C3A7E39313F352A60002491F /* en */ = {isa = PBXFileReference; lastKnownFileType = text.plist.strings; name = en; path = en.lproj/InfoPlist.strings; sourceTree = "<group>"; };
		C3A7E39513F352A60002491F /* DSPTools-Prefix.pch */ = {isa = PBXFileReference; lastKnownFileType = sourcecode.c.h; path = "DSPTools-Prefix.pch"; sourceTree = "<group>"; };
		C3A7E39613F352A60002491F /* main.m */ = {isa = PBXFileReference; lastKnownFileType = sourcecode.c.objc; path = main.m; sourceTree = "<group>"; };
		C3A7E39813F352A60002491F /* DSPToolsAppDelegate.h */ = {isa = PBXFileReference; lastKnownFileType = sourcecode.c.h; path = DSPToolsAppDelegate.h; sourceTree = "<group>"; };
		C3A7E39913F352A60002491F /* DSPToolsAppDelegate.m */ = {isa = PBXFileReference; lastKnownFileType = sourcecode.c.objc; path = DSPToolsAppDelegate.m; sourceTree = "<group>"; };
		C3A7E39C13F352A60002491F /* DSPToolsAppDelegate_iPhone.h */ = {isa = PBXFileReference; lastKnownFileType = sourcecode.c.h; name = DSPToolsAppDelegate_iPhone.h; path = iPhone/DSPToolsAppDelegate_iPhone.h; sourceTree = "<group>"; };
		C3A7E39D13F352A60002491F /* DSPToolsAppDelegate_iPhone.m */ = {isa = PBXFileReference; lastKnownFileType = sourcecode.c.objc; name = DSPToolsAppDelegate_iPhone.m; path = iPhone/DSPToolsAppDelegate_iPhone.m; sourceTree = "<group>"; };
		C3A7E3A013F352A60002491F /* en */ = {isa = PBXFileReference; lastKnownFileType = file.xib; name = en; path = iPhone/en.lproj/MainWindow_iPhone.xib; sourceTree = "<group>"; };
		C3A7E3A313F352A60002491F /* DSPToolsAppDelegate_iPad.h */ = {isa = PBXFileReference; lastKnownFileType = sourcecode.c.h; name = DSPToolsAppDelegate_iPad.h; path = iPad/DSPToolsAppDelegate_iPad.h; sourceTree = "<group>"; };
		C3A7E3A413F352A60002491F /* DSPToolsAppDelegate_iPad.m */ = {isa = PBXFileReference; lastKnownFileType = sourcecode.c.objc; name = DSPToolsAppDelegate_iPad.m; path = iPad/DSPToolsAppDelegate_iPad.m; sourceTree = "<group>"; };
		C3A7E3A713F352A60002491F /* en */ = {isa = PBXFileReference; lastKnownFileType = file.xib; name = en; path = iPad/en.lproj/MainWindow_iPad.xib; sourceTree = "<group>"; };
		C3A7E4B013F482D00002491F /* DSPGridView.h */ = {isa = PBXFileReference; fileEncoding = 4; lastKnownFileType = sourcecode.c.h; path = DSPGridView.h; sourceTree = "<group>"; };
		C3A7E4B113F482D00002491F /* DSPGridView.m */ = {isa = PBXFileReference; fileEncoding = 4; lastKnownFileType = sourcecode.c.objc; path = DSPGridView.m; sourceTree = "<group>"; };
/* End PBXFileReference section */

/* Begin PBXFrameworksBuildPhase section */
		C3A7E38213F352A60002491F /* Frameworks */ = {
			isa = PBXFrameworksBuildPhase;
			buildActionMask = 2147483647;
			files = (
				3201088596B4756681693705 /* libThree20UICommon.a in Frameworks */,
				320D7DCCE32703ACAB9A45E5 /* libThree20.a in Frameworks */,
				320A737074758E53BA54BE95 /* libThree20UINavigator.a in Frameworks */,
				320A2827FEC940B25BC42C65 /* libThree20Core.a in Frameworks */,
				320F2C48872C2E2C4DF86205 /* libThree20UI.a in Frameworks */,
				320AF8492C47A4D819F7C451 /* QuartzCore.framework in Frameworks */,
				320A5A189C235877202780D5 /* libThree20Network.a in Frameworks */,
				320CC833B8AF0ACFD35E6225 /* libThree20Style.a in Frameworks */,
				C3A7E38A13F352A60002491F /* UIKit.framework in Frameworks */,
				C3A7E38C13F352A60002491F /* Foundation.framework in Frameworks */,
				C3A7E38E13F352A60002491F /* CoreGraphics.framework in Frameworks */,
			);
			runOnlyForDeploymentPostprocessing = 0;
		};
/* End PBXFrameworksBuildPhase section */

/* Begin PBXGroup section */
		3201088596B4756681693703 /* Products */ = {
			isa = PBXGroup;
			children = (
				3201088596B4756681693704 /* libThree20UICommon.a */,
				C3A7E3F913F454B00002491F /* UICommonUnitTests.octest */,
			);
			name = Products;
			sourceTree = "<group>";
		};
		320A2827FEC940B25BC42C63 /* Products */ = {
			isa = PBXGroup;
			children = (
				320A2827FEC940B25BC42C64 /* libThree20Core.a */,
				C3A7E3E713F454B00002491F /* CoreUnitTests.octest */,
			);
			name = Products;
			sourceTree = "<group>";
		};
		320A5A189C235877202780D3 /* Products */ = {
			isa = PBXGroup;
			children = (
				320A5A189C235877202780D4 /* libThree20Network.a */,
				C3A7E3EC13F454B00002491F /* libThree20Network-Xcode3.2.5.a */,
				C3A7E3EE13F454B00002491F /* NetworkUnitTests.octest */,
				C3A7E3F013F454B00002491F /* NetworkUnitTests-Xcode3.2.5.octest */,
			);
			name = Products;
			sourceTree = "<group>";
		};
		320A737074758E53BA54BE93 /* Products */ = {
			isa = PBXGroup;
			children = (
				320A737074758E53BA54BE94 /* libThree20UINavigator.a */,
				C3A7E3FC13F454B00002491F /* UINavigatorUnitTests.octest */,
			);
			name = Products;
			sourceTree = "<group>";
		};
		320CC833B8AF0ACFD35E6223 /* Products */ = {
			isa = PBXGroup;
			children = (
				320CC833B8AF0ACFD35E6224 /* libThree20Style.a */,
				C3A7E3F313F454B00002491F /* StyleUnitTests.octest */,
			);
			name = Products;
			sourceTree = "<group>";
		};
		320D7DCCE32703ACAB9A45E3 /* Products */ = {
			isa = PBXGroup;
			children = (
				320D7DCCE32703ACAB9A45E4 /* libThree20.a */,
				C3A7E3E413F454B00002491F /* Three20UnitTests.octest */,
			);
			name = Products;
			sourceTree = "<group>";
		};
		320F2C48872C2E2C4DF86203 /* Products */ = {
			isa = PBXGroup;
			children = (
				320F2C48872C2E2C4DF86204 /* libThree20UI.a */,
				C3A7E3F613F454B00002491F /* UIUnitTests.octest */,
			);
			name = Products;
			sourceTree = "<group>";
		};
		C321450313F4A7F700DE738E /* Components */ = {
			isa = PBXGroup;
			children = (
				C329B41414031FF3003572E6 /* DSPComponents.h */,
				C321450713F4ACF400DE738E /* DSPComponentModel.h */,
				C321450813F4ACF400DE738E /* DSPComponentModel.m */,
				C321450013F4A7F200DE738E /* DSPComponentView.h */,
				C321450113F4A7F200DE738E /* DSPComponentView.m */,
				C321450413F4ACB200DE738E /* DSPComponentViewController.h */,
				C321450513F4ACB200DE738E /* DSPComponentViewController.m */,
				C329B41314031B51003572E6 /* Signal Source */,
				C329B39913FF30AE003572E6 /* Wire */,
				C321450D13F4AE0800DE738E /* Integrator */,
				C35817A413FCD47700948309 /* Summation */,
			);
			name = Components;
			sourceTree = "<group>";
		};
		C321450D13F4AE0800DE738E /* Integrator */ = {
			isa = PBXGroup;
			children = (
				C321450A13F4AE0300DE738E /* DSPIntegratorModel.h */,
				C321450B13F4AE0300DE738E /* DSPIntegratorModel.m */,
				C321451113F4AEC700DE738E /* DSPIntegratorView.h */,
				C321451213F4AEC700DE738E /* DSPIntegratorView.m */,
				C3150CEF140EE85A00AB0A98 /* DSPIntegratorViewController.h */,
				C3150CF0140EE85A00AB0A98 /* DSPIntegratorViewController.m */,
			);
			name = Integrator;
			sourceTree = "<group>";
		};
		C321451713F4B10400DE738E /* Additions */ = {
			isa = PBXGroup;
			children = (
				C321451413F4B0F600DE738E /* NSObject+Additions.h */,
				C321451513F4B0F600DE738E /* NSObject+Additions.m */,
			);
			name = Additions;
			sourceTree = "<group>";
		};
		C3257D93140C83D70055BFD5 /* Example Circuits */ = {
			isa = PBXGroup;
			children = (
				C3257D91140C83C70055BFD5 /* FirstCircuit.cir */,
			);
			name = "Example Circuits";
			sourceTree = "<group>";
		};
		C329B39913FF30AE003572E6 /* Wire */ = {
			isa = PBXGroup;
			children = (
				C3150CFB140EFDC500AB0A98 /* DSPWireModel.h */,
				C3150CFC140EFDC600AB0A98 /* DSPWireModel.m */,
				C329B39613FF30A7003572E6 /* DSPWireView.h */,
				C329B39713FF30A7003572E6 /* DSPWireView.m */,
				C3150CF5140EF35300AB0A98 /* DSPWireViewController.h */,
				C3150CF6140EF35300AB0A98 /* DSPWireViewController.m */,
			);
			name = Wire;
			sourceTree = "<group>";
		};
		C329B41314031B51003572E6 /* Signal Source */ = {
			isa = PBXGroup;
			children = (
				C3150CF8140EFD8300AB0A98 /* DSPSignalSourceModel.h */,
				C3150CF9140EFD8400AB0A98 /* DSPSignalSourceModel.m */,
				C329B39A14031A7D003572E6 /* DSPSignalSourceView.h */,
				C329B39B14031A81003572E6 /* DSPSignalSourceView.m */,
				C3150CF2140EF27900AB0A98 /* DSPSignalSourceViewController.h */,
				C3150CF3140EF27900AB0A98 /* DSPSignalSourceViewController.m */,
			);
			name = "Signal Source";
			sourceTree = "<group>";
		};
		C33DA01E13F9E2B400FF0414 /* Launcher */ = {
			isa = PBXGroup;
			children = (
				C33DA01B13F9E18800FF0414 /* DSPLauncherViewController.h */,
				C33DA01C13F9E18800FF0414 /* DSPLauncherViewController.m */,
			);
			name = Launcher;
			sourceTree = "<group>";
		};
		C33DA02013F9E6C400FF0414 /* images */ = {
			isa = PBXGroup;
			children = (
				C33DA0BC13FB3D9800FF0414 /* arrow_left_24.png */,
				C33DA0A813FB2A6200FF0414 /* gear_24.png */,
				C33DA0A913FB2A6200FF0414 /* home_24.png */,
				C33DA0AA13FB2A6200FF0414 /* pencil_24.png */,
				C33DA0AB13FB2A6200FF0414 /* plus_24.png */,
				C33DA0AC13FB2A6200FF0414 /* save_24.png */,
				C33DA0AD13FB2A6300FF0414 /* stop_24.png */,
				C33DA0AE13FB2A6300FF0414 /* storage_24.png */,
				C33DA0AF13FB2A6300FF0414 /* trash_24.png */,
				C33DA0A213FB2A3500FF0414 /* chart_line_24.png */,
				C33DA0A313FB2A3500FF0414 /* delete_24.png */,
				C33DA0A413FB2A3500FF0414 /* folder_64.png */,
				C33DA02313F9E78700FF0414 /* schematic.png */,
			);
			name = images;
			sourceTree = "<group>";
		};
		C33DA0A113FAF1BF00FF0414 /* System */ = {
			isa = PBXGroup;
			children = (
				C33DA09B13FAEC1300FF0414 /* DSPSystemViewController.h */,
				C33DA09C13FAEC1400FF0414 /* DSPSystemViewController.m */,
				C358179E13FC4EB800948309 /* DSPComponentListView.h */,
				C358179F13FC4EBD00948309 /* DSPComponentListView.m */,
				C321450313F4A7F700DE738E /* Components */,
				C3A7E4B313F482F70002491F /* Grid */,
				C33DA0BA13FB363D00FF0414 /* TestView.xib */,
			);
			name = System;
			sourceTree = "<group>";
		};
		C35817A413FCD47700948309 /* Summation */ = {
			isa = PBXGroup;
			children = (
				C35817A113FCD44100948309 /* DSPSummationView.h */,
				C35817A213FCD45000948309 /* DSPSummationView.m */,
			);
			name = Summation;
			sourceTree = "<group>";
		};
		C3A7E37A13F352A50002491F = {
			isa = PBXGroup;
			children = (
				C3A7E38F13F352A60002491F /* DSPTools */,
				C3A7E38813F352A60002491F /* Frameworks */,
				C3A7E38613F352A60002491F /* Products */,
			);
			sourceTree = "<group>";
		};
		C3A7E38613F352A60002491F /* Products */ = {
			isa = PBXGroup;
			children = (
				C3A7E38513F352A60002491F /* DSPTools.app */,
			);
			name = Products;
			sourceTree = "<group>";
		};
		C3A7E38813F352A60002491F /* Frameworks */ = {
			isa = PBXGroup;
			children = (
				3201088596B4756681693700 /* Three20UICommon.xcodeproj */,
				320D7DCCE32703ACAB9A45E0 /* Three20.xcodeproj */,
				320A737074758E53BA54BE90 /* Three20UINavigator.xcodeproj */,
				320A2827FEC940B25BC42C60 /* Three20Core.xcodeproj */,
				320F2C48872C2E2C4DF86200 /* Three20UI.xcodeproj */,
				320AF8492C47A4D819F7C450 /* QuartzCore.framework */,
				320A5A189C235877202780D0 /* Three20Network.xcodeproj */,
				320CC833B8AF0ACFD35E6220 /* Three20Style.xcodeproj */,
				C3A7E38913F352A60002491F /* UIKit.framework */,
				C3A7E38B13F352A60002491F /* Foundation.framework */,
				C3A7E38D13F352A60002491F /* CoreGraphics.framework */,
			);
			name = Frameworks;
			sourceTree = "<group>";
		};
		C3A7E38F13F352A60002491F /* DSPTools */ = {
			isa = PBXGroup;
			children = (
				C3A7E39813F352A60002491F /* DSPToolsAppDelegate.h */,
				C3A7E39913F352A60002491F /* DSPToolsAppDelegate.m */,
				C321451913F5BF1200DE738E /* DSPGlobalSettings.h */,
				C321451A13F5BF1200DE738E /* DSPGlobalSettings.m */,
				C321451813F4B8F500DE738E /* DSPHeader.h */,
				C35817A513FCECAD00948309 /* DSPHelper.h */,
				C35817A613FCECBA00948309 /* DSPHelper.m */,
				C3257D10140C4E350055BFD5 /* DSPNode.h */,
				C3257D11140C4E350055BFD5 /* DSPNode.m */,
				C3257D13140C58DC0055BFD5 /* DSPPin.h */,
				C3257D14140C58DC0055BFD5 /* DSPPin.m */,
				C3257D8C140C7CB30055BFD5 /* DSPCircuitFileIO.h */,
				C3257D8D140C7CB30055BFD5 /* DSPCircuitFileIO.m */,
				C3150CEC140DBA8400AB0A98 /* DSPCircuitAnalyzer.h */,
				C3150CED140DBA8400AB0A98 /* DSPCircuitAnalyzer.m */,
				C3257D93140C83D70055BFD5 /* Example Circuits */,
				C33DA0A113FAF1BF00FF0414 /* System */,
				C33DA01E13F9E2B400FF0414 /* Launcher */,
				C321451713F4B10400DE738E /* Additions */,
				C3A7E39B13F352A60002491F /* iPhone */,
				C3A7E3A213F352A60002491F /* iPad */,
				C3A7E39013F352A60002491F /* Supporting Files */,
			);
			path = DSPTools;
			sourceTree = "<group>";
		};
		C3A7E39013F352A60002491F /* Supporting Files */ = {
			isa = PBXGroup;
			children = (
				C33DA02013F9E6C400FF0414 /* images */,
				320B6C86F11D9990244A9730 /* Three20.bundle */,
				C3A7E39113F352A60002491F /* DSPTools-Info.plist */,
				C3A7E39213F352A60002491F /* InfoPlist.strings */,
				C3A7E39513F352A60002491F /* DSPTools-Prefix.pch */,
				C3A7E39613F352A60002491F /* main.m */,
			);
			name = "Supporting Files";
			sourceTree = "<group>";
		};
		C3A7E39B13F352A60002491F /* iPhone */ = {
			isa = PBXGroup;
			children = (
				C3A7E39C13F352A60002491F /* DSPToolsAppDelegate_iPhone.h */,
				C3A7E39D13F352A60002491F /* DSPToolsAppDelegate_iPhone.m */,
				C3A7E39F13F352A60002491F /* MainWindow_iPhone.xib */,
			);
			name = iPhone;
			sourceTree = "<group>";
		};
		C3A7E3A213F352A60002491F /* iPad */ = {
			isa = PBXGroup;
			children = (
				C3A7E3A313F352A60002491F /* DSPToolsAppDelegate_iPad.h */,
				C3A7E3A413F352A60002491F /* DSPToolsAppDelegate_iPad.m */,
				C3A7E3A613F352A60002491F /* MainWindow_iPad.xib */,
			);
			name = iPad;
			sourceTree = "<group>";
		};
		C3A7E4B313F482F70002491F /* Grid */ = {
			isa = PBXGroup;
			children = (
				C3A7E4B013F482D00002491F /* DSPGridView.h */,
				C3A7E4B113F482D00002491F /* DSPGridView.m */,
			);
			name = Grid;
			sourceTree = "<group>";
		};
/* End PBXGroup section */

/* Begin PBXNativeTarget section */
		C3A7E38413F352A60002491F /* DSPTools */ = {
			isa = PBXNativeTarget;
			buildConfigurationList = C3A7E3AB13F352A60002491F /* Build configuration list for PBXNativeTarget "DSPTools" */;
			buildPhases = (
				C3A7E38113F352A60002491F /* Sources */,
				C3A7E38213F352A60002491F /* Frameworks */,
				C3A7E38313F352A60002491F /* Resources */,
			);
			buildRules = (
			);
			dependencies = (
				3201088596B4756681693701 /* PBXTargetDependency */,
				320D7DCCE32703ACAB9A45E1 /* PBXTargetDependency */,
				320A737074758E53BA54BE91 /* PBXTargetDependency */,
				320A2827FEC940B25BC42C61 /* PBXTargetDependency */,
				320F2C48872C2E2C4DF86201 /* PBXTargetDependency */,
				320A5A189C235877202780D1 /* PBXTargetDependency */,
				320CC833B8AF0ACFD35E6221 /* PBXTargetDependency */,
			);
			name = DSPTools;
			productName = DSPTools;
			productReference = C3A7E38513F352A60002491F /* DSPTools.app */;
			productType = "com.apple.product-type.application";
		};
/* End PBXNativeTarget section */

/* Begin PBXProject section */
		C3A7E37C13F352A50002491F /* Project object */ = {
			isa = PBXProject;
			attributes = {
				ORGANIZATIONNAME = "Puru Choudhary";
			};
			buildConfigurationList = C3A7E37F13F352A50002491F /* Build configuration list for PBXProject "DSPTools" */;
			compatibilityVersion = "Xcode 3.2";
			developmentRegion = English;
			hasScannedForEncodings = 0;
			knownRegions = (
				en,
			);
			mainGroup = C3A7E37A13F352A50002491F;
			productRefGroup = C3A7E38613F352A60002491F /* Products */;
			projectDirPath = "";
			projectReferences = (
				{
					ProductGroup = 320D7DCCE32703ACAB9A45E3 /* Products */;
					ProjectRef = 320D7DCCE32703ACAB9A45E0 /* Three20.xcodeproj */;
				},
				{
					ProductGroup = 320A2827FEC940B25BC42C63 /* Products */;
					ProjectRef = 320A2827FEC940B25BC42C60 /* Three20Core.xcodeproj */;
				},
				{
					ProductGroup = 320A5A189C235877202780D3 /* Products */;
					ProjectRef = 320A5A189C235877202780D0 /* Three20Network.xcodeproj */;
				},
				{
					ProductGroup = 320CC833B8AF0ACFD35E6223 /* Products */;
					ProjectRef = 320CC833B8AF0ACFD35E6220 /* Three20Style.xcodeproj */;
				},
				{
					ProductGroup = 320F2C48872C2E2C4DF86203 /* Products */;
					ProjectRef = 320F2C48872C2E2C4DF86200 /* Three20UI.xcodeproj */;
				},
				{
					ProductGroup = 3201088596B4756681693703 /* Products */;
					ProjectRef = 3201088596B4756681693700 /* Three20UICommon.xcodeproj */;
				},
				{
					ProductGroup = 320A737074758E53BA54BE93 /* Products */;
					ProjectRef = 320A737074758E53BA54BE90 /* Three20UINavigator.xcodeproj */;
				},
			);
			projectRoot = "";
			targets = (
				C3A7E38413F352A60002491F /* DSPTools */,
			);
		};
/* End PBXProject section */

/* Begin PBXReferenceProxy section */
		3201088596B4756681693704 /* libThree20UICommon.a */ = {
			isa = PBXReferenceProxy;
			fileType = archive.ar;
			path = libThree20UICommon.a;
			remoteRef = 3201088596B4756681693706 /* PBXContainerItemProxy */;
			sourceTree = BUILT_PRODUCTS_DIR;
		};
		320A2827FEC940B25BC42C64 /* libThree20Core.a */ = {
			isa = PBXReferenceProxy;
			fileType = archive.ar;
			path = libThree20Core.a;
			remoteRef = 320A2827FEC940B25BC42C66 /* PBXContainerItemProxy */;
			sourceTree = BUILT_PRODUCTS_DIR;
		};
		320A5A189C235877202780D4 /* libThree20Network.a */ = {
			isa = PBXReferenceProxy;
			fileType = archive.ar;
			path = libThree20Network.a;
			remoteRef = 320A5A189C235877202780D6 /* PBXContainerItemProxy */;
			sourceTree = BUILT_PRODUCTS_DIR;
		};
		320A737074758E53BA54BE94 /* libThree20UINavigator.a */ = {
			isa = PBXReferenceProxy;
			fileType = archive.ar;
			path = libThree20UINavigator.a;
			remoteRef = 320A737074758E53BA54BE96 /* PBXContainerItemProxy */;
			sourceTree = BUILT_PRODUCTS_DIR;
		};
		320CC833B8AF0ACFD35E6224 /* libThree20Style.a */ = {
			isa = PBXReferenceProxy;
			fileType = archive.ar;
			path = libThree20Style.a;
			remoteRef = 320CC833B8AF0ACFD35E6226 /* PBXContainerItemProxy */;
			sourceTree = BUILT_PRODUCTS_DIR;
		};
		320D7DCCE32703ACAB9A45E4 /* libThree20.a */ = {
			isa = PBXReferenceProxy;
			fileType = archive.ar;
			path = libThree20.a;
			remoteRef = 320D7DCCE32703ACAB9A45E6 /* PBXContainerItemProxy */;
			sourceTree = BUILT_PRODUCTS_DIR;
		};
		320F2C48872C2E2C4DF86204 /* libThree20UI.a */ = {
			isa = PBXReferenceProxy;
			fileType = archive.ar;
			path = libThree20UI.a;
			remoteRef = 320F2C48872C2E2C4DF86206 /* PBXContainerItemProxy */;
			sourceTree = BUILT_PRODUCTS_DIR;
		};
		C3A7E3E413F454B00002491F /* Three20UnitTests.octest */ = {
			isa = PBXReferenceProxy;
			fileType = wrapper.cfbundle;
			path = Three20UnitTests.octest;
			remoteRef = C3A7E3E313F454B00002491F /* PBXContainerItemProxy */;
			sourceTree = BUILT_PRODUCTS_DIR;
		};
		C3A7E3E713F454B00002491F /* CoreUnitTests.octest */ = {
			isa = PBXReferenceProxy;
			fileType = wrapper.cfbundle;
			path = CoreUnitTests.octest;
			remoteRef = C3A7E3E613F454B00002491F /* PBXContainerItemProxy */;
			sourceTree = BUILT_PRODUCTS_DIR;
		};
		C3A7E3EC13F454B00002491F /* libThree20Network-Xcode3.2.5.a */ = {
			isa = PBXReferenceProxy;
			fileType = archive.ar;
			path = "libThree20Network-Xcode3.2.5.a";
			remoteRef = C3A7E3EB13F454B00002491F /* PBXContainerItemProxy */;
			sourceTree = BUILT_PRODUCTS_DIR;
		};
		C3A7E3EE13F454B00002491F /* NetworkUnitTests.octest */ = {
			isa = PBXReferenceProxy;
			fileType = wrapper.cfbundle;
			path = NetworkUnitTests.octest;
			remoteRef = C3A7E3ED13F454B00002491F /* PBXContainerItemProxy */;
			sourceTree = BUILT_PRODUCTS_DIR;
		};
		C3A7E3F013F454B00002491F /* NetworkUnitTests-Xcode3.2.5.octest */ = {
			isa = PBXReferenceProxy;
			fileType = wrapper.cfbundle;
			path = "NetworkUnitTests-Xcode3.2.5.octest";
			remoteRef = C3A7E3EF13F454B00002491F /* PBXContainerItemProxy */;
			sourceTree = BUILT_PRODUCTS_DIR;
		};
		C3A7E3F313F454B00002491F /* StyleUnitTests.octest */ = {
			isa = PBXReferenceProxy;
			fileType = wrapper.cfbundle;
			path = StyleUnitTests.octest;
			remoteRef = C3A7E3F213F454B00002491F /* PBXContainerItemProxy */;
			sourceTree = BUILT_PRODUCTS_DIR;
		};
		C3A7E3F613F454B00002491F /* UIUnitTests.octest */ = {
			isa = PBXReferenceProxy;
			fileType = wrapper.cfbundle;
			path = UIUnitTests.octest;
			remoteRef = C3A7E3F513F454B00002491F /* PBXContainerItemProxy */;
			sourceTree = BUILT_PRODUCTS_DIR;
		};
		C3A7E3F913F454B00002491F /* UICommonUnitTests.octest */ = {
			isa = PBXReferenceProxy;
			fileType = wrapper.cfbundle;
			path = UICommonUnitTests.octest;
			remoteRef = C3A7E3F813F454B00002491F /* PBXContainerItemProxy */;
			sourceTree = BUILT_PRODUCTS_DIR;
		};
		C3A7E3FC13F454B00002491F /* UINavigatorUnitTests.octest */ = {
			isa = PBXReferenceProxy;
			fileType = wrapper.cfbundle;
			path = UINavigatorUnitTests.octest;
			remoteRef = C3A7E3FB13F454B00002491F /* PBXContainerItemProxy */;
			sourceTree = BUILT_PRODUCTS_DIR;
		};
/* End PBXReferenceProxy section */

/* Begin PBXResourcesBuildPhase section */
		C3A7E38313F352A60002491F /* Resources */ = {
			isa = PBXResourcesBuildPhase;
			buildActionMask = 2147483647;
			files = (
				320B6C86F11D9990244A9731 /* Three20.bundle in Resources */,
				C3A7E39413F352A60002491F /* InfoPlist.strings in Resources */,
				C3A7E3A113F352A60002491F /* MainWindow_iPhone.xib in Resources */,
				C3A7E3A813F352A60002491F /* MainWindow_iPad.xib in Resources */,
				C33DA02413F9E78700FF0414 /* schematic.png in Resources */,
				C33DA0A513FB2A3500FF0414 /* chart_line_24.png in Resources */,
				C33DA0A613FB2A3500FF0414 /* delete_24.png in Resources */,
				C33DA0A713FB2A3500FF0414 /* folder_64.png in Resources */,
				C33DA0B013FB2A6300FF0414 /* gear_24.png in Resources */,
				C33DA0B113FB2A6300FF0414 /* home_24.png in Resources */,
				C33DA0B213FB2A6300FF0414 /* pencil_24.png in Resources */,
				C33DA0B313FB2A6300FF0414 /* plus_24.png in Resources */,
				C33DA0B413FB2A6300FF0414 /* save_24.png in Resources */,
				C33DA0B513FB2A6300FF0414 /* stop_24.png in Resources */,
				C33DA0B613FB2A6300FF0414 /* storage_24.png in Resources */,
				C33DA0B713FB2A6300FF0414 /* trash_24.png in Resources */,
				C33DA0BB13FB363E00FF0414 /* TestView.xib in Resources */,
				C33DA0BD13FB3D9800FF0414 /* arrow_left_24.png in Resources */,
				C3257D92140C83C70055BFD5 /* FirstCircuit.cir in Resources */,
			);
			runOnlyForDeploymentPostprocessing = 0;
		};
/* End PBXResourcesBuildPhase section */

/* Begin PBXSourcesBuildPhase section */
		C3A7E38113F352A60002491F /* Sources */ = {
			isa = PBXSourcesBuildPhase;
			buildActionMask = 2147483647;
			files = (
				C3A7E39713F352A60002491F /* main.m in Sources */,
				C3A7E39A13F352A60002491F /* DSPToolsAppDelegate.m in Sources */,
				C3A7E39E13F352A60002491F /* DSPToolsAppDelegate_iPhone.m in Sources */,
				C3A7E3A513F352A60002491F /* DSPToolsAppDelegate_iPad.m in Sources */,
				C3A7E4B213F482D00002491F /* DSPGridView.m in Sources */,
				C321450213F4A7F200DE738E /* DSPComponentView.m in Sources */,
				C321450613F4ACB200DE738E /* DSPComponentViewController.m in Sources */,
				C321450913F4ACF400DE738E /* DSPComponentModel.m in Sources */,
				C321450C13F4AE0400DE738E /* DSPIntegratorModel.m in Sources */,
				C321451313F4AEC700DE738E /* DSPIntegratorView.m in Sources */,
				C321451613F4B0F800DE738E /* NSObject+Additions.m in Sources */,
				C321451B13F5BF1300DE738E /* DSPGlobalSettings.m in Sources */,
				C33DA01D13F9E18800FF0414 /* DSPLauncherViewController.m in Sources */,
				C33DA09D13FAEC1500FF0414 /* DSPSystemViewController.m in Sources */,
				C35817A013FC4EC800948309 /* DSPComponentListView.m in Sources */,
				C35817A313FCD45500948309 /* DSPSummationView.m in Sources */,
				C35817A713FCECC500948309 /* DSPHelper.m in Sources */,
				C329B39813FF30A8003572E6 /* DSPWireView.m in Sources */,
				C329B39C14031A8B003572E6 /* DSPSignalSourceView.m in Sources */,
				C3257D12140C4E350055BFD5 /* DSPNode.m in Sources */,
				C3257D15140C58DC0055BFD5 /* DSPPin.m in Sources */,
				C3257D8E140C7CB30055BFD5 /* DSPCircuitFileIO.m in Sources */,
				C3150CEE140DBA8500AB0A98 /* DSPCircuitAnalyzer.m in Sources */,
				C3150CF1140EE85A00AB0A98 /* DSPIntegratorViewController.m in Sources */,
				C3150CF4140EF27900AB0A98 /* DSPSignalSourceViewController.m in Sources */,
				C3150CF7140EF35300AB0A98 /* DSPWireViewController.m in Sources */,
				C3150CFA140EFD8500AB0A98 /* DSPSignalSourceModel.m in Sources */,
				C3150CFD140EFDC700AB0A98 /* DSPWireModel.m in Sources */,
			);
			runOnlyForDeploymentPostprocessing = 0;
		};
/* End PBXSourcesBuildPhase section */

/* Begin PBXTargetDependency section */
		3201088596B4756681693701 /* PBXTargetDependency */ = {
			isa = PBXTargetDependency;
			name = Three20UICommon;
			targetProxy = 3201088596B4756681693702 /* PBXContainerItemProxy */;
		};
		320A2827FEC940B25BC42C61 /* PBXTargetDependency */ = {
			isa = PBXTargetDependency;
			name = Three20Core;
			targetProxy = 320A2827FEC940B25BC42C62 /* PBXContainerItemProxy */;
		};
		320A5A189C235877202780D1 /* PBXTargetDependency */ = {
			isa = PBXTargetDependency;
			name = Three20Network;
			targetProxy = 320A5A189C235877202780D2 /* PBXContainerItemProxy */;
		};
		320A737074758E53BA54BE91 /* PBXTargetDependency */ = {
			isa = PBXTargetDependency;
			name = Three20UINavigator;
			targetProxy = 320A737074758E53BA54BE92 /* PBXContainerItemProxy */;
		};
		320CC833B8AF0ACFD35E6221 /* PBXTargetDependency */ = {
			isa = PBXTargetDependency;
			name = Three20Style;
			targetProxy = 320CC833B8AF0ACFD35E6222 /* PBXContainerItemProxy */;
		};
		320D7DCCE32703ACAB9A45E1 /* PBXTargetDependency */ = {
			isa = PBXTargetDependency;
			name = Three20;
			targetProxy = 320D7DCCE32703ACAB9A45E2 /* PBXContainerItemProxy */;
		};
		320F2C48872C2E2C4DF86201 /* PBXTargetDependency */ = {
			isa = PBXTargetDependency;
			name = Three20UI;
			targetProxy = 320F2C48872C2E2C4DF86202 /* PBXContainerItemProxy */;
		};
/* End PBXTargetDependency section */

/* Begin PBXVariantGroup section */
		C3A7E39213F352A60002491F /* InfoPlist.strings */ = {
			isa = PBXVariantGroup;
			children = (
				C3A7E39313F352A60002491F /* en */,
			);
			name = InfoPlist.strings;
			sourceTree = "<group>";
		};
		C3A7E39F13F352A60002491F /* MainWindow_iPhone.xib */ = {
			isa = PBXVariantGroup;
			children = (
				C3A7E3A013F352A60002491F /* en */,
			);
			name = MainWindow_iPhone.xib;
			sourceTree = "<group>";
		};
		C3A7E3A613F352A60002491F /* MainWindow_iPad.xib */ = {
			isa = PBXVariantGroup;
			children = (
				C3A7E3A713F352A60002491F /* en */,
			);
			name = MainWindow_iPad.xib;
			sourceTree = "<group>";
		};
/* End PBXVariantGroup section */

/* Begin XCBuildConfiguration section */
		C3A7E3A913F352A60002491F /* Debug */ = {
			isa = XCBuildConfiguration;
			buildSettings = {
				ARCHS = "$(ARCHS_STANDARD_32_BIT)";
				"CODE_SIGN_IDENTITY[sdk=iphoneos*]" = "iPhone Developer";
				GCC_C_LANGUAGE_STANDARD = gnu99;
				GCC_OPTIMIZATION_LEVEL = 0;
				GCC_PREPROCESSOR_DEFINITIONS = DEBUG;
				GCC_SYMBOLS_PRIVATE_EXTERN = NO;
				GCC_VERSION = com.apple.compilers.llvmgcc42;
				GCC_WARN_ABOUT_RETURN_TYPE = YES;
				GCC_WARN_UNUSED_VARIABLE = YES;
				HEADER_SEARCH_PATHS = (
					"$(BUILT_PRODUCTS_DIR)/../three20",
					"$(BUILT_PRODUCTS_DIR)/../../three20",
					../shared/three20/Build/Products/three20,
				);
				IPHONEOS_DEPLOYMENT_TARGET = 4.3;
				OTHER_LDFLAGS = "-ObjC";
				SDKROOT = iphoneos;
				TARGETED_DEVICE_FAMILY = "1,2";
			};
			name = Debug;
		};
		C3A7E3AA13F352A60002491F /* Release */ = {
			isa = XCBuildConfiguration;
			buildSettings = {
				ARCHS = "$(ARCHS_STANDARD_32_BIT)";
				"CODE_SIGN_IDENTITY[sdk=iphoneos*]" = "iPhone Developer";
				GCC_C_LANGUAGE_STANDARD = gnu99;
				GCC_VERSION = com.apple.compilers.llvmgcc42;
				GCC_WARN_ABOUT_RETURN_TYPE = YES;
				GCC_WARN_UNUSED_VARIABLE = YES;
				HEADER_SEARCH_PATHS = (
					"$(BUILT_PRODUCTS_DIR)/../three20",
					"$(BUILT_PRODUCTS_DIR)/../../three20",
					../shared/three20/Build/Products/three20,
				);
				IPHONEOS_DEPLOYMENT_TARGET = 4.3;
				OTHER_CFLAGS = "-DNS_BLOCK_ASSERTIONS=1";
				OTHER_LDFLAGS = "-ObjC";
				SDKROOT = iphoneos;
				TARGETED_DEVICE_FAMILY = "1,2";
			};
			name = Release;
		};
		C3A7E3AC13F352A60002491F /* Debug */ = {
			isa = XCBuildConfiguration;
			buildSettings = {
				ALWAYS_SEARCH_USER_PATHS = NO;
				COPY_PHASE_STRIP = NO;
				GCC_DYNAMIC_NO_PIC = NO;
				GCC_PRECOMPILE_PREFIX_HEADER = YES;
				GCC_PREFIX_HEADER = "DSPTools/DSPTools-Prefix.pch";
				INFOPLIST_FILE = "DSPTools/DSPTools-Info.plist";
				IPHONEOS_DEPLOYMENT_TARGET = 3.2;
				PRODUCT_NAME = "$(TARGET_NAME)";
				WRAPPER_EXTENSION = app;
			};
			name = Debug;
		};
		C3A7E3AD13F352A60002491F /* Release */ = {
			isa = XCBuildConfiguration;
			buildSettings = {
				ALWAYS_SEARCH_USER_PATHS = NO;
				COPY_PHASE_STRIP = YES;
				GCC_PRECOMPILE_PREFIX_HEADER = YES;
				GCC_PREFIX_HEADER = "DSPTools/DSPTools-Prefix.pch";
				INFOPLIST_FILE = "DSPTools/DSPTools-Info.plist";
				IPHONEOS_DEPLOYMENT_TARGET = 3.2;
				PRODUCT_NAME = "$(TARGET_NAME)";
				VALIDATE_PRODUCT = YES;
				WRAPPER_EXTENSION = app;
			};
			name = Release;
		};
/* End XCBuildConfiguration section */

/* Begin XCConfigurationList section */
		C3A7E37F13F352A50002491F /* Build configuration list for PBXProject "DSPTools" */ = {
			isa = XCConfigurationList;
			buildConfigurations = (
				C3A7E3A913F352A60002491F /* Debug */,
				C3A7E3AA13F352A60002491F /* Release */,
			);
			defaultConfigurationIsVisible = 0;
			defaultConfigurationName = Release;
		};
		C3A7E3AB13F352A60002491F /* Build configuration list for PBXNativeTarget "DSPTools" */ = {
			isa = XCConfigurationList;
			buildConfigurations = (
				C3A7E3AC13F352A60002491F /* Debug */,
				C3A7E3AD13F352A60002491F /* Release */,
			);
			defaultConfigurationIsVisible = 0;
			defaultConfigurationName = Release;
		};
/* End XCConfigurationList section */
	};
	rootObject = C3A7E37C13F352A50002491F /* Project object */;
}
